// !$*UTF8*$!
{
	archiveVersion = 1;
	classes = {
	};
	objectVersion = 50;
	objects = {

/* Begin PBXBuildFile section */
		4B7E78FC23796F1E00C05830 /* TextScreen.cc in Sources */ = {isa = PBXBuildFile; fileRef = 4B7E78FA23796F1E00C05830 /* TextScreen.cc */; };
		4B7E78FF23797BD500C05830 /* Exception.cc in Sources */ = {isa = PBXBuildFile; fileRef = 4B7E78FD23797BD500C05830 /* Exception.cc */; };
		4B7E790223799D6B00C05830 /* SpriteSheet.cc in Sources */ = {isa = PBXBuildFile; fileRef = 4B7E790023799D6B00C05830 /* SpriteSheet.cc */; };
		4B7E79052379A20D00C05830 /* Image.cc in Sources */ = {isa = PBXBuildFile; fileRef = 4B7E79032379A20D00C05830 /* Image.cc */; };
		4BBEBABD2376FD9B00E6BD4E /* Charset.cc in Sources */ = {isa = PBXBuildFile; fileRef = 4BBEBABB2376FD9B00E6BD4E /* Charset.cc */; };
		4BBEBACF23785E0800E6BD4E /* libpng16.16.dylib in Frameworks */ = {isa = PBXBuildFile; fileRef = 4BBEBACE23785E0800E6BD4E /* libpng16.16.dylib */; };
		4BFC8B1E2376B5CA0061BFEA /* main.cc in Sources */ = {isa = PBXBuildFile; fileRef = 4BFC8B1D2376B5CA0061BFEA /* main.cc */; };
		4BFC8B262376B5E50061BFEA /* Matrix.cc in Sources */ = {isa = PBXBuildFile; fileRef = 4BFC8B242376B5E50061BFEA /* Matrix.cc */; };
		4BFC8B292376B9770061BFEA /* read_png.cc in Sources */ = {isa = PBXBuildFile; fileRef = 4BFC8B272376B9770061BFEA /* read_png.cc */; };
		4BFC8B2C2376BB4C0061BFEA /* Palette.cc in Sources */ = {isa = PBXBuildFile; fileRef = 4BFC8B2A2376BB4C0061BFEA /* Palette.cc */; };
		4BFC8B2F2376C6630061BFEA /* utils.cc in Sources */ = {isa = PBXBuildFile; fileRef = 4BFC8B2D2376C6630061BFEA /* utils.cc */; };
/* End PBXBuildFile section */

/* Begin PBXCopyFilesBuildPhase section */
		4BFC8B182376B5CA0061BFEA /* CopyFiles */ = {
			isa = PBXCopyFilesBuildPhase;
			buildActionMask = 2147483647;
			dstPath = /usr/share/man/man1/;
			dstSubfolderSpec = 0;
			files = (
			);
			runOnlyForDeploymentPostprocessing = 1;
		};
/* End PBXCopyFilesBuildPhase section */

/* Begin PBXFileReference section */
		4B7E78FA23796F1E00C05830 /* TextScreen.cc */ = {isa = PBXFileReference; lastKnownFileType = sourcecode.cpp.cpp; path = TextScreen.cc; sourceTree = "<group>"; };
		4B7E78FB23796F1E00C05830 /* TextScreen.h */ = {isa = PBXFileReference; lastKnownFileType = sourcecode.c.h; path = TextScreen.h; sourceTree = "<group>"; };
		4B7E78FD23797BD500C05830 /* Exception.cc */ = {isa = PBXFileReference; lastKnownFileType = sourcecode.cpp.cpp; path = Exception.cc; sourceTree = "<group>"; };
		4B7E78FE23797BD500C05830 /* Exception.h */ = {isa = PBXFileReference; lastKnownFileType = sourcecode.c.h; path = Exception.h; sourceTree = "<group>"; };
		4B7E790023799D6B00C05830 /* SpriteSheet.cc */ = {isa = PBXFileReference; lastKnownFileType = sourcecode.cpp.cpp; path = SpriteSheet.cc; sourceTree = "<group>"; };
		4B7E790123799D6B00C05830 /* SpriteSheet.h */ = {isa = PBXFileReference; lastKnownFileType = sourcecode.c.h; path = SpriteSheet.h; sourceTree = "<group>"; };
		4B7E79032379A20D00C05830 /* Image.cc */ = {isa = PBXFileReference; lastKnownFileType = sourcecode.cpp.cpp; path = Image.cc; sourceTree = "<group>"; };
		4B7E79042379A20D00C05830 /* Image.h */ = {isa = PBXFileReference; lastKnownFileType = sourcecode.c.h; path = Image.h; sourceTree = "<group>"; };
		4BBEBABB2376FD9B00E6BD4E /* Charset.cc */ = {isa = PBXFileReference; lastKnownFileType = sourcecode.cpp.cpp; path = Charset.cc; sourceTree = "<group>"; };
		4BBEBABC2376FD9B00E6BD4E /* Charset.h */ = {isa = PBXFileReference; lastKnownFileType = sourcecode.c.h; path = Charset.h; sourceTree = "<group>"; };
		4BBEBAC5237825D700E6BD4E /* INSTALL.md */ = {isa = PBXFileReference; lastKnownFileType = net.daringfireball.markdown; path = INSTALL.md; sourceTree = "<group>"; };
		4BBEBAC6237825D700E6BD4E /* AUTHORS */ = {isa = PBXFileReference; lastKnownFileType = text; path = AUTHORS; sourceTree = "<group>"; };
		4BBEBAC7237825D700E6BD4E /* LICENSE */ = {isa = PBXFileReference; lastKnownFileType = text; path = LICENSE; sourceTree = "<group>"; };
		4BBEBAC8237825D700E6BD4E /* NEWS.md */ = {isa = PBXFileReference; lastKnownFileType = net.daringfireball.markdown; path = NEWS.md; sourceTree = "<group>"; };
		4BBEBAC9237825D700E6BD4E /* TODO.md */ = {isa = PBXFileReference; lastKnownFileType = net.daringfireball.markdown; path = TODO.md; sourceTree = "<group>"; };
		4BBEBACA237825D700E6BD4E /* README.md */ = {isa = PBXFileReference; lastKnownFileType = net.daringfireball.markdown; path = README.md; sourceTree = "<group>"; };
		4BBEBACB237826F300E6BD4E /* CMakeLists.txt */ = {isa = PBXFileReference; fileEncoding = 4; lastKnownFileType = text; path = CMakeLists.txt; sourceTree = "<group>"; };
		4BBEBACC23784FC100E6BD4E /* CMakeLists.txt */ = {isa = PBXFileReference; fileEncoding = 4; lastKnownFileType = text; path = CMakeLists.txt; sourceTree = "<group>"; };
		4BBEBACD2378507D00E6BD4E /* cmake-config.h.in */ = {isa = PBXFileReference; fileEncoding = 4; lastKnownFileType = text; path = "cmake-config.h.in"; sourceTree = "<group>"; };
		4BBEBACE23785E0800E6BD4E /* libpng16.16.dylib */ = {isa = PBXFileReference; lastKnownFileType = "compiled.mach-o.dylib"; name = libpng16.16.dylib; path = /usr/local/Cellar/libpng/1.6.37/lib/libpng16.16.dylib; sourceTree = "<absolute>"; };
		4BFC8B1A2376B5CA0061BFEA /* gfx-convert */ = {isa = PBXFileReference; explicitFileType = "compiled.mach-o.executable"; includeInIndex = 0; path = "gfx-convert"; sourceTree = BUILT_PRODUCTS_DIR; };
		4BFC8B1D2376B5CA0061BFEA /* main.cc */ = {isa = PBXFileReference; lastKnownFileType = sourcecode.cpp.cpp; path = main.cc; sourceTree = "<group>"; };
		4BFC8B242376B5E50061BFEA /* Matrix.cc */ = {isa = PBXFileReference; lastKnownFileType = sourcecode.cpp.cpp; path = Matrix.cc; sourceTree = "<group>"; };
		4BFC8B252376B5E50061BFEA /* Matrix.h */ = {isa = PBXFileReference; lastKnownFileType = sourcecode.c.h; path = Matrix.h; sourceTree = "<group>"; };
		4BFC8B272376B9770061BFEA /* read_png.cc */ = {isa = PBXFileReference; lastKnownFileType = sourcecode.cpp.cpp; path = read_png.cc; sourceTree = "<group>"; };
		4BFC8B282376B9770061BFEA /* read_png.h */ = {isa = PBXFileReference; lastKnownFileType = sourcecode.c.h; path = read_png.h; sourceTree = "<group>"; };
		4BFC8B2A2376BB4C0061BFEA /* Palette.cc */ = {isa = PBXFileReference; lastKnownFileType = sourcecode.cpp.cpp; path = Palette.cc; sourceTree = "<group>"; };
		4BFC8B2B2376BB4C0061BFEA /* Palette.h */ = {isa = PBXFileReference; lastKnownFileType = sourcecode.c.h; path = Palette.h; sourceTree = "<group>"; };
		4BFC8B2D2376C6630061BFEA /* utils.cc */ = {isa = PBXFileReference; lastKnownFileType = sourcecode.cpp.cpp; path = utils.cc; sourceTree = "<group>"; };
		4BFC8B2E2376C6630061BFEA /* utils.h */ = {isa = PBXFileReference; lastKnownFileType = sourcecode.c.h; path = utils.h; sourceTree = "<group>"; };
/* End PBXFileReference section */

/* Begin PBXFrameworksBuildPhase section */
		4BFC8B172376B5CA0061BFEA /* Frameworks */ = {
			isa = PBXFrameworksBuildPhase;
			buildActionMask = 2147483647;
			files = (
				4BBEBACF23785E0800E6BD4E /* libpng16.16.dylib in Frameworks */,
			);
			runOnlyForDeploymentPostprocessing = 0;
		};
/* End PBXFrameworksBuildPhase section */

/* Begin PBXGroup section */
		4BBEBAC3237825B000E6BD4E /* Info */ = {
			isa = PBXGroup;
			children = (
				4BBEBAC6237825D700E6BD4E /* AUTHORS */,
				4BBEBAC5237825D700E6BD4E /* INSTALL.md */,
				4BBEBAC7237825D700E6BD4E /* LICENSE */,
				4BBEBAC8237825D700E6BD4E /* NEWS.md */,
				4BBEBACA237825D700E6BD4E /* README.md */,
				4BBEBAC9237825D700E6BD4E /* TODO.md */,
			);
			name = Info;
			sourceTree = "<group>";
		};
		4BBEBAC4237825B700E6BD4E /* cmake */ = {
			isa = PBXGroup;
			children = (
				4BBEBACB237826F300E6BD4E /* CMakeLists.txt */,
				4BBEBACD2378507D00E6BD4E /* cmake-config.h.in */,
			);
			name = cmake;
			sourceTree = "<group>";
		};
		4BBEBAD023785E1200E6BD4E /* LIbraries */ = {
			isa = PBXGroup;
			children = (
				4BBEBACE23785E0800E6BD4E /* libpng16.16.dylib */,
			);
			name = LIbraries;
			sourceTree = "<group>";
		};
		4BFC8B112376B5CA0061BFEA = {
			isa = PBXGroup;
			children = (
				4BBEBAC3237825B000E6BD4E /* Info */,
				4BBEBAC4237825B700E6BD4E /* cmake */,
				4BFC8B1C2376B5CA0061BFEA /* gfx-convert */,
				4BFC8B1B2376B5CA0061BFEA /* Products */,
				4BBEBAD023785E1200E6BD4E /* LIbraries */,
			);
			sourceTree = "<group>";
		};
		4BFC8B1B2376B5CA0061BFEA /* Products */ = {
			isa = PBXGroup;
			children = (
				4BFC8B1A2376B5CA0061BFEA /* gfx-convert */,
			);
			name = Products;
			sourceTree = "<group>";
		};
		4BFC8B1C2376B5CA0061BFEA /* gfx-convert */ = {
			isa = PBXGroup;
			children = (
				4BBEBABB2376FD9B00E6BD4E /* Charset.cc */,
				4BBEBABC2376FD9B00E6BD4E /* Charset.h */,
				4BBEBACC23784FC100E6BD4E /* CMakeLists.txt */,
				4B7E78FD23797BD500C05830 /* Exception.cc */,
				4B7E78FE23797BD500C05830 /* Exception.h */,
				4B7E79032379A20D00C05830 /* Image.cc */,
				4B7E79042379A20D00C05830 /* Image.h */,
				4BFC8B1D2376B5CA0061BFEA /* main.cc */,
				4BFC8B242376B5E50061BFEA /* Matrix.cc */,
				4BFC8B252376B5E50061BFEA /* Matrix.h */,
				4BFC8B2A2376BB4C0061BFEA /* Palette.cc */,
				4BFC8B2B2376BB4C0061BFEA /* Palette.h */,
				4BFC8B272376B9770061BFEA /* read_png.cc */,
				4BFC8B282376B9770061BFEA /* read_png.h */,
				4B7E790023799D6B00C05830 /* SpriteSheet.cc */,
				4B7E790123799D6B00C05830 /* SpriteSheet.h */,
				4B7E78FA23796F1E00C05830 /* TextScreen.cc */,
				4B7E78FB23796F1E00C05830 /* TextScreen.h */,
				4BFC8B2D2376C6630061BFEA /* utils.cc */,
				4BFC8B2E2376C6630061BFEA /* utils.h */,
			);
			name = "gfx-convert";
			path = src;
			sourceTree = "<group>";
		};
/* End PBXGroup section */

/* Begin PBXNativeTarget section */
		4BFC8B192376B5CA0061BFEA /* gfx-convert */ = {
			isa = PBXNativeTarget;
			buildConfigurationList = 4BFC8B212376B5CA0061BFEA /* Build configuration list for PBXNativeTarget "gfx-convert" */;
			buildPhases = (
				4BFC8B162376B5CA0061BFEA /* Sources */,
				4BFC8B172376B5CA0061BFEA /* Frameworks */,
				4BFC8B182376B5CA0061BFEA /* CopyFiles */,
			);
			buildRules = (
			);
			dependencies = (
			);
			name = "gfx-convert";
			productName = "gfx-convert";
			productReference = 4BFC8B1A2376B5CA0061BFEA /* gfx-convert */;
			productType = "com.apple.product-type.tool";
		};
/* End PBXNativeTarget section */

/* Begin PBXProject section */
		4BFC8B122376B5CA0061BFEA /* Project object */ = {
			isa = PBXProject;
			attributes = {
				LastUpgradeCheck = 1120;
				ORGANIZATIONNAME = "T'Pau";
				TargetAttributes = {
					4BFC8B192376B5CA0061BFEA = {
						CreatedOnToolsVersion = 11.2;
					};
				};
			};
			buildConfigurationList = 4BFC8B152376B5CA0061BFEA /* Build configuration list for PBXProject "gfx-convert" */;
			compatibilityVersion = "Xcode 9.3";
			developmentRegion = en;
			hasScannedForEncodings = 0;
			knownRegions = (
				en,
				Base,
			);
			mainGroup = 4BFC8B112376B5CA0061BFEA;
			productRefGroup = 4BFC8B1B2376B5CA0061BFEA /* Products */;
			projectDirPath = "";
			projectRoot = "";
			targets = (
				4BFC8B192376B5CA0061BFEA /* gfx-convert */,
			);
		};
/* End PBXProject section */

/* Begin PBXSourcesBuildPhase section */
		4BFC8B162376B5CA0061BFEA /* Sources */ = {
			isa = PBXSourcesBuildPhase;
			buildActionMask = 2147483647;
			files = (
				4BFC8B292376B9770061BFEA /* read_png.cc in Sources */,
				4BFC8B2F2376C6630061BFEA /* utils.cc in Sources */,
				4BBEBABD2376FD9B00E6BD4E /* Charset.cc in Sources */,
				4B7E790223799D6B00C05830 /* SpriteSheet.cc in Sources */,
				4B7E78FC23796F1E00C05830 /* TextScreen.cc in Sources */,
				4BFC8B1E2376B5CA0061BFEA /* main.cc in Sources */,
				4B7E78FF23797BD500C05830 /* Exception.cc in Sources */,
				4BFC8B262376B5E50061BFEA /* Matrix.cc in Sources */,
				4BFC8B2C2376BB4C0061BFEA /* Palette.cc in Sources */,
				4B7E79052379A20D00C05830 /* Image.cc in Sources */,
			);
			runOnlyForDeploymentPostprocessing = 0;
		};
/* End PBXSourcesBuildPhase section */

/* Begin XCBuildConfiguration section */
		4BFC8B1F2376B5CA0061BFEA /* Debug */ = {
			isa = XCBuildConfiguration;
			buildSettings = {
				ALWAYS_SEARCH_USER_PATHS = NO;
				CLANG_ANALYZER_NONNULL = YES;
				CLANG_ANALYZER_NUMBER_OBJECT_CONVERSION = YES_AGGRESSIVE;
				CLANG_CXX_LANGUAGE_STANDARD = "gnu++14";
				CLANG_CXX_LIBRARY = "libc++";
				CLANG_ENABLE_MODULES = YES;
				CLANG_ENABLE_OBJC_ARC = YES;
				CLANG_ENABLE_OBJC_WEAK = YES;
				CLANG_WARN_BLOCK_CAPTURE_AUTORELEASING = YES;
				CLANG_WARN_BOOL_CONVERSION = YES;
				CLANG_WARN_COMMA = YES;
				CLANG_WARN_CONSTANT_CONVERSION = YES;
				CLANG_WARN_DEPRECATED_OBJC_IMPLEMENTATIONS = YES;
				CLANG_WARN_DIRECT_OBJC_ISA_USAGE = YES_ERROR;
				CLANG_WARN_DOCUMENTATION_COMMENTS = YES;
				CLANG_WARN_EMPTY_BODY = YES;
				CLANG_WARN_ENUM_CONVERSION = YES;
				CLANG_WARN_INFINITE_RECURSION = YES;
				CLANG_WARN_INT_CONVERSION = YES;
				CLANG_WARN_NON_LITERAL_NULL_CONVERSION = YES;
				CLANG_WARN_OBJC_IMPLICIT_RETAIN_SELF = YES;
				CLANG_WARN_OBJC_LITERAL_CONVERSION = YES;
				CLANG_WARN_OBJC_ROOT_CLASS = YES_ERROR;
				CLANG_WARN_RANGE_LOOP_ANALYSIS = YES;
				CLANG_WARN_STRICT_PROTOTYPES = YES;
				CLANG_WARN_SUSPICIOUS_MOVE = YES;
				CLANG_WARN_UNGUARDED_AVAILABILITY = YES_AGGRESSIVE;
				CLANG_WARN_UNREACHABLE_CODE = YES;
				CLANG_WARN__DUPLICATE_METHOD_MATCH = YES;
				COPY_PHASE_STRIP = NO;
				DEBUG_INFORMATION_FORMAT = dwarf;
				ENABLE_STRICT_OBJC_MSGSEND = YES;
				ENABLE_TESTABILITY = YES;
				GCC_C_LANGUAGE_STANDARD = gnu11;
				GCC_DYNAMIC_NO_PIC = NO;
				GCC_NO_COMMON_BLOCKS = YES;
				GCC_OPTIMIZATION_LEVEL = 0;
				GCC_PREPROCESSOR_DEFINITIONS = (
					"DEBUG=1",
					"$(inherited)",
				);
				GCC_WARN_64_TO_32_BIT_CONVERSION = YES;
				GCC_WARN_ABOUT_RETURN_TYPE = YES_ERROR;
				GCC_WARN_UNDECLARED_SELECTOR = YES;
				GCC_WARN_UNINITIALIZED_AUTOS = YES_AGGRESSIVE;
				GCC_WARN_UNUSED_FUNCTION = YES;
				GCC_WARN_UNUSED_VARIABLE = YES;
				MACOSX_DEPLOYMENT_TARGET = 10.15;
				MTL_ENABLE_DEBUG_INFO = INCLUDE_SOURCE;
				MTL_FAST_MATH = YES;
				ONLY_ACTIVE_ARCH = YES;
				SDKROOT = macosx;
			};
			name = Debug;
		};
		4BFC8B202376B5CA0061BFEA /* Release */ = {
			isa = XCBuildConfiguration;
			buildSettings = {
				ALWAYS_SEARCH_USER_PATHS = NO;
				CLANG_ANALYZER_NONNULL = YES;
				CLANG_ANALYZER_NUMBER_OBJECT_CONVERSION = YES_AGGRESSIVE;
				CLANG_CXX_LANGUAGE_STANDARD = "gnu++14";
				CLANG_CXX_LIBRARY = "libc++";
				CLANG_ENABLE_MODULES = YES;
				CLANG_ENABLE_OBJC_ARC = YES;
				CLANG_ENABLE_OBJC_WEAK = YES;
				CLANG_WARN_BLOCK_CAPTURE_AUTORELEASING = YES;
				CLANG_WARN_BOOL_CONVERSION = YES;
				CLANG_WARN_COMMA = YES;
				CLANG_WARN_CONSTANT_CONVERSION = YES;
				CLANG_WARN_DEPRECATED_OBJC_IMPLEMENTATIONS = YES;
				CLANG_WARN_DIRECT_OBJC_ISA_USAGE = YES_ERROR;
				CLANG_WARN_DOCUMENTATION_COMMENTS = YES;
				CLANG_WARN_EMPTY_BODY = YES;
				CLANG_WARN_ENUM_CONVERSION = YES;
				CLANG_WARN_INFINITE_RECURSION = YES;
				CLANG_WARN_INT_CONVERSION = YES;
				CLANG_WARN_NON_LITERAL_NULL_CONVERSION = YES;
				CLANG_WARN_OBJC_IMPLICIT_RETAIN_SELF = YES;
				CLANG_WARN_OBJC_LITERAL_CONVERSION = YES;
				CLANG_WARN_OBJC_ROOT_CLASS = YES_ERROR;
				CLANG_WARN_RANGE_LOOP_ANALYSIS = YES;
				CLANG_WARN_STRICT_PROTOTYPES = YES;
				CLANG_WARN_SUSPICIOUS_MOVE = YES;
				CLANG_WARN_UNGUARDED_AVAILABILITY = YES_AGGRESSIVE;
				CLANG_WARN_UNREACHABLE_CODE = YES;
				CLANG_WARN__DUPLICATE_METHOD_MATCH = YES;
				COPY_PHASE_STRIP = NO;
				DEBUG_INFORMATION_FORMAT = "dwarf-with-dsym";
				ENABLE_NS_ASSERTIONS = NO;
				ENABLE_STRICT_OBJC_MSGSEND = YES;
				GCC_C_LANGUAGE_STANDARD = gnu11;
				GCC_NO_COMMON_BLOCKS = YES;
				GCC_WARN_64_TO_32_BIT_CONVERSION = YES;
				GCC_WARN_ABOUT_RETURN_TYPE = YES_ERROR;
				GCC_WARN_UNDECLARED_SELECTOR = YES;
				GCC_WARN_UNINITIALIZED_AUTOS = YES_AGGRESSIVE;
				GCC_WARN_UNUSED_FUNCTION = YES;
				GCC_WARN_UNUSED_VARIABLE = YES;
				MACOSX_DEPLOYMENT_TARGET = 10.15;
				MTL_ENABLE_DEBUG_INFO = NO;
				MTL_FAST_MATH = YES;
				SDKROOT = macosx;
			};
			name = Release;
		};
		4BFC8B222376B5CA0061BFEA /* Debug */ = {
			isa = XCBuildConfiguration;
			buildSettings = {
				CLANG_CXX_LANGUAGE_STANDARD = "c++17";
				CODE_SIGN_STYLE = Automatic;
				DEVELOPMENT_TEAM = "";
				ENABLE_HARDENED_RUNTIME = NO;
				LIBRARY_SEARCH_PATHS = /usr/local/lib;
				PRODUCT_NAME = "$(TARGET_NAME)";
				PROVISIONING_PROFILE_SPECIFIER = "";
				PUBLIC_HEADERS_FOLDER_PATH = "";
				SYSTEM_HEADER_SEARCH_PATHS = /usr/local/include/libpng16;
			};
			name = Debug;
		};
		4BFC8B232376B5CA0061BFEA /* Release */ = {
			isa = XCBuildConfiguration;
			buildSettings = {
				CLANG_CXX_LANGUAGE_STANDARD = "c++17";
				CODE_SIGN_STYLE = Automatic;
				DEVELOPMENT_TEAM = "";
				ENABLE_HARDENED_RUNTIME = NO;
				LIBRARY_SEARCH_PATHS = /usr/local/lib;
				PRODUCT_NAME = "$(TARGET_NAME)";
				PROVISIONING_PROFILE_SPECIFIER = "";
				PUBLIC_HEADERS_FOLDER_PATH = "";
				SYSTEM_HEADER_SEARCH_PATHS = /usr/local/include/libpng16;
			};
			name = Release;
		};
/* End XCBuildConfiguration section */

/* Begin XCConfigurationList section */
		4BFC8B152376B5CA0061BFEA /* Build configuration list for PBXProject "gfx-convert" */ = {
			isa = XCConfigurationList;
			buildConfigurations = (
				4BFC8B1F2376B5CA0061BFEA /* Debug */,
				4BFC8B202376B5CA0061BFEA /* Release */,
			);
			defaultConfigurationIsVisible = 0;
			defaultConfigurationName = Release;
		};
		4BFC8B212376B5CA0061BFEA /* Build configuration list for PBXNativeTarget "gfx-convert" */ = {
			isa = XCConfigurationList;
			buildConfigurations = (
				4BFC8B222376B5CA0061BFEA /* Debug */,
				4BFC8B232376B5CA0061BFEA /* Release */,
			);
			defaultConfigurationIsVisible = 0;
			defaultConfigurationName = Release;
		};
/* End XCConfigurationList section */
	};
	rootObject = 4BFC8B122376B5CA0061BFEA /* Project object */;
}
